
Microsoft Visual Studio Solution File, Format Version 12.00
# Visual Studio Version 17
VisualStudioVersion = 17.7.34221.43
MinimumVisualStudioVersion = 10.0.40219.1
Project("{9A19103F-16F7-4668-BE54-9A1E7A4F7556}") = "TPW_Project", "TPW_Project\TPW_Project.csproj", "{3A2D5043-78AF-409C-8A22-ADE2978403D9}"
EndProject
Project("{FAE04EC0-301F-11D3-BF4B-00C04F79EFBC}") = "ProgramTests", "SumTests\ProgramTests.csproj", "{615A6C6B-114B-4974-9F27-A5B5FA346C62}"
EndProject
Global
	GlobalSection(SolutionConfigurationPlatforms) = preSolution
		Debug|Any CPU = Debug|Any CPU
		Release|Any CPU = Release|Any CPU
	EndGlobalSection
	GlobalSection(ProjectConfigurationPlatforms) = postSolution
		{3A2D5043-78AF-409C-8A22-ADE2978403D9}.Debug|Any CPU.ActiveCfg = Debug|Any CPU
		{3A2D5043-78AF-409C-8A22-ADE2978403D9}.Debug|Any CPU.Build.0 = Debug|Any CPU
		{3A2D5043-78AF-409C-8A22-ADE2978403D9}.Release|Any CPU.ActiveCfg = Release|Any CPU
		{3A2D5043-78AF-409C-8A22-ADE2978403D9}.Release|Any CPU.Build.0 = Release|Any CPU
		{615A6C6B-114B-4974-9F27-A5B5FA346C62}.Debug|Any CPU.ActiveCfg = Debug|Any CPU
		{615A6C6B-114B-4974-9F27-A5B5FA346C62}.Debug|Any CPU.Build.0 = Debug|Any CPU
		{615A6C6B-114B-4974-9F27-A5B5FA346C62}.Release|Any CPU.ActiveCfg = Release|Any CPU
		{615A6C6B-114B-4974-9F27-A5B5FA346C62}.Release|Any CPU.Build.0 = Release|Any CPU
	EndGlobalSection
	GlobalSection(SolutionProperties) = preSolution
		HideSolutionNode = FALSE
	EndGlobalSection
	GlobalSection(ExtensibilityGlobals) = postSolution
		SolutionGuid = {61E80B8C-BC97-4518-8ED8-0239F88A29AC}
	EndGlobalSection
EndGlobal
